
Microsoft Visual Studio Solution File, Format Version 12.00
# Visual Studio Version 17
VisualStudioVersion = 17.4.33205.214
MinimumVisualStudioVersion = 10.0.40219.1
Project("{FAE04EC0-301F-11D3-BF4B-00C04F79EFBC}") = "GrpcClient", "GrpcClient\GrpcClient.csproj", "{4DDD2221-E443-4392-B581-ACB1FC933AF6}"
EndProject
Global
	GlobalSection(SolutionConfigurationPlatforms) = preSolution
		Debug|Any CPU = Debug|Any CPU
		Release|Any CPU = Release|Any CPU
	EndGlobalSection
	GlobalSection(ProjectConfigurationPlatforms) = postSolution
		{4DDD2221-E443-4392-B581-ACB1FC933AF6}.Debug|Any CPU.ActiveCfg = Debug|Any CPU
		{4DDD2221-E443-4392-B581-ACB1FC933AF6}.Debug|Any CPU.Build.0 = Debug|Any CPU
		{4DDD2221-E443-4392-B581-ACB1FC933AF6}.Release|Any CPU.ActiveCfg = Release|Any CPU
		{4DDD2221-E443-4392-B581-ACB1FC933AF6}.Release|Any CPU.Build.0 = Release|Any CPU
	EndGlobalSection
	GlobalSection(SolutionProperties) = preSolution
		HideSolutionNode = FALSE
	EndGlobalSection
	GlobalSection(ExtensibilityGlobals) = postSolution
		SolutionGuid = {C6D3752C-02A3-48F8-B569-8A7963102D5B}
	EndGlobalSection
EndGlobal
